// !$*UTF8*$!
{
	archiveVersion = 1;
	classes = {
	};
	objectVersion = 56;
	objects = {

/* Begin PBXBuildFile section */
		322D989A292514F500C94FC9 /* SignUpViewController.swift in Sources */ = {isa = PBXBuildFile; fileRef = 322D9899292514F400C94FC9 /* SignUpViewController.swift */; };
		3252D97329263A8D00D884E7 /* SignInViewModel.swift in Sources */ = {isa = PBXBuildFile; fileRef = 3252D97229263A8D00D884E7 /* SignInViewModel.swift */; };
		3252D97529263AAB00D884E7 /* SignInModel.swift in Sources */ = {isa = PBXBuildFile; fileRef = 3252D97429263AAB00D884E7 /* SignInModel.swift */; };
		3271B92B292637E200166FB3 /* UserData.swift in Sources */ = {isa = PBXBuildFile; fileRef = 3271B92A292637E200166FB3 /* UserData.swift */; };
		3296B4002923CAC5009DAD2B /* AppDelegate.swift in Sources */ = {isa = PBXBuildFile; fileRef = 3296B3FF2923CAC5009DAD2B /* AppDelegate.swift */; };
		3296B4022923CAC5009DAD2B /* SceneDelegate.swift in Sources */ = {isa = PBXBuildFile; fileRef = 3296B4012923CAC5009DAD2B /* SceneDelegate.swift */; };
		3296B4042923CAC5009DAD2B /* ViewController.swift in Sources */ = {isa = PBXBuildFile; fileRef = 3296B4032923CAC5009DAD2B /* ViewController.swift */; };
		3296B4072923CAC5009DAD2B /* Main.storyboard in Resources */ = {isa = PBXBuildFile; fileRef = 3296B4052923CAC5009DAD2B /* Main.storyboard */; };
		3296B4092923CAC6009DAD2B /* Assets.xcassets in Resources */ = {isa = PBXBuildFile; fileRef = 3296B4082923CAC6009DAD2B /* Assets.xcassets */; };
		3296B40C2923CAC6009DAD2B /* LaunchScreen.storyboard in Resources */ = {isa = PBXBuildFile; fileRef = 3296B40A2923CAC6009DAD2B /* LaunchScreen.storyboard */; };
		3296B4142923CF28009DAD2B /* SignInViewController.swift in Sources */ = {isa = PBXBuildFile; fileRef = 3296B4132923CF28009DAD2B /* SignInViewController.swift */; };
		32E6CE742925DFF200440ED1 /* SignUpViewModel.swift in Sources */ = {isa = PBXBuildFile; fileRef = 32E6CE732925DFF200440ED1 /* SignUpViewModel.swift */; };
		32E6CE762925E09900440ED1 /* SignUpModel.swift in Sources */ = {isa = PBXBuildFile; fileRef = 32E6CE752925E09900440ED1 /* SignUpModel.swift */; };
		8924B519A4A7CF56B4705C6F /* Pods_DeliveryApp.framework in Frameworks */ = {isa = PBXBuildFile; fileRef = FF1F83E9179A035779C3336C /* Pods_DeliveryApp.framework */; };
/* End PBXBuildFile section */

/* Begin PBXFileReference section */
		322D9899292514F400C94FC9 /* SignUpViewController.swift */ = {isa = PBXFileReference; lastKnownFileType = sourcecode.swift; path = SignUpViewController.swift; sourceTree = "<group>"; };
		3252D97229263A8D00D884E7 /* SignInViewModel.swift */ = {isa = PBXFileReference; lastKnownFileType = sourcecode.swift; path = SignInViewModel.swift; sourceTree = "<group>"; };
		3252D97429263AAB00D884E7 /* SignInModel.swift */ = {isa = PBXFileReference; lastKnownFileType = sourcecode.swift; path = SignInModel.swift; sourceTree = "<group>"; };
		3271B92A292637E200166FB3 /* UserData.swift */ = {isa = PBXFileReference; lastKnownFileType = sourcecode.swift; path = UserData.swift; sourceTree = "<group>"; };
		3296B3FC2923CAC5009DAD2B /* DeliveryApp.app */ = {isa = PBXFileReference; explicitFileType = wrapper.application; includeInIndex = 0; path = DeliveryApp.app; sourceTree = BUILT_PRODUCTS_DIR; };
		3296B3FF2923CAC5009DAD2B /* AppDelegate.swift */ = {isa = PBXFileReference; lastKnownFileType = sourcecode.swift; path = AppDelegate.swift; sourceTree = "<group>"; };
		3296B4012923CAC5009DAD2B /* SceneDelegate.swift */ = {isa = PBXFileReference; lastKnownFileType = sourcecode.swift; path = SceneDelegate.swift; sourceTree = "<group>"; };
		3296B4032923CAC5009DAD2B /* ViewController.swift */ = {isa = PBXFileReference; lastKnownFileType = sourcecode.swift; path = ViewController.swift; sourceTree = "<group>"; };
		3296B4062923CAC5009DAD2B /* Base */ = {isa = PBXFileReference; lastKnownFileType = file.storyboard; name = Base; path = Base.lproj/Main.storyboard; sourceTree = "<group>"; };
		3296B4082923CAC6009DAD2B /* Assets.xcassets */ = {isa = PBXFileReference; lastKnownFileType = folder.assetcatalog; path = Assets.xcassets; sourceTree = "<group>"; };
		3296B40B2923CAC6009DAD2B /* Base */ = {isa = PBXFileReference; lastKnownFileType = file.storyboard; name = Base; path = Base.lproj/LaunchScreen.storyboard; sourceTree = "<group>"; };
		3296B40D2923CAC6009DAD2B /* Info.plist */ = {isa = PBXFileReference; lastKnownFileType = text.plist.xml; path = Info.plist; sourceTree = "<group>"; };
		3296B4132923CF28009DAD2B /* SignInViewController.swift */ = {isa = PBXFileReference; lastKnownFileType = sourcecode.swift; path = SignInViewController.swift; sourceTree = "<group>"; };
		32E6CE732925DFF200440ED1 /* SignUpViewModel.swift */ = {isa = PBXFileReference; lastKnownFileType = sourcecode.swift; path = SignUpViewModel.swift; sourceTree = "<group>"; };
		32E6CE752925E09900440ED1 /* SignUpModel.swift */ = {isa = PBXFileReference; lastKnownFileType = sourcecode.swift; path = SignUpModel.swift; sourceTree = "<group>"; };
		7DF8CDD2844D2F9D5E3AFF4E /* Pods-DeliveryApp.release.xcconfig */ = {isa = PBXFileReference; includeInIndex = 1; lastKnownFileType = text.xcconfig; name = "Pods-DeliveryApp.release.xcconfig"; path = "Target Support Files/Pods-DeliveryApp/Pods-DeliveryApp.release.xcconfig"; sourceTree = "<group>"; };
		90AD0BB57FF6485456E85538 /* Pods-DeliveryApp.debug.xcconfig */ = {isa = PBXFileReference; includeInIndex = 1; lastKnownFileType = text.xcconfig; name = "Pods-DeliveryApp.debug.xcconfig"; path = "Target Support Files/Pods-DeliveryApp/Pods-DeliveryApp.debug.xcconfig"; sourceTree = "<group>"; };
		FF1F83E9179A035779C3336C /* Pods_DeliveryApp.framework */ = {isa = PBXFileReference; explicitFileType = wrapper.framework; includeInIndex = 0; path = Pods_DeliveryApp.framework; sourceTree = BUILT_PRODUCTS_DIR; };
/* End PBXFileReference section */

/* Begin PBXFrameworksBuildPhase section */
		3296B3F92923CAC5009DAD2B /* Frameworks */ = {
			isa = PBXFrameworksBuildPhase;
			buildActionMask = 2147483647;
			files = (
				8924B519A4A7CF56B4705C6F /* Pods_DeliveryApp.framework in Frameworks */,
			);
			runOnlyForDeploymentPostprocessing = 0;
		};
/* End PBXFrameworksBuildPhase section */

/* Begin PBXGroup section */
		09E7599EF86C74F9ADD75BEF /* Pods */ = {
			isa = PBXGroup;
			children = (
				90AD0BB57FF6485456E85538 /* Pods-DeliveryApp.debug.xcconfig */,
				7DF8CDD2844D2F9D5E3AFF4E /* Pods-DeliveryApp.release.xcconfig */,
			);
			path = Pods;
			sourceTree = "<group>";
		};
		322D98942925076100C94FC9 /* ViewModels */ = {
			isa = PBXGroup;
			children = (
				32E6CE732925DFF200440ED1 /* SignUpViewModel.swift */,
				3252D97229263A8D00D884E7 /* SignInViewModel.swift */,
			);
			path = ViewModels;
			sourceTree = "<group>";
		};
		322D98952925076700C94FC9 /* Views */ = {
			isa = PBXGroup;
			children = (
				322D98982925078200C94FC9 /* Storyboards */,
				3296B4032923CAC5009DAD2B /* ViewController.swift */,
				3296B4132923CF28009DAD2B /* SignInViewController.swift */,
				322D9899292514F400C94FC9 /* SignUpViewController.swift */,
			);
			path = Views;
			sourceTree = "<group>";
		};
		322D98962925076B00C94FC9 /* Models */ = {
			isa = PBXGroup;
			children = (
				32E6CE752925E09900440ED1 /* SignUpModel.swift */,
				3271B92A292637E200166FB3 /* UserData.swift */,
				3252D97429263AAB00D884E7 /* SignInModel.swift */,
			);
			path = Models;
			sourceTree = "<group>";
		};
		322D98972925076F00C94FC9 /* Other */ = {
			isa = PBXGroup;
			children = (
				3296B3FF2923CAC5009DAD2B /* AppDelegate.swift */,
				3296B4012923CAC5009DAD2B /* SceneDelegate.swift */,
				3296B4082923CAC6009DAD2B /* Assets.xcassets */,
			);
			path = Other;
			sourceTree = "<group>";
		};
		322D98982925078200C94FC9 /* Storyboards */ = {
			isa = PBXGroup;
			children = (
				3296B4052923CAC5009DAD2B /* Main.storyboard */,
				3296B40A2923CAC6009DAD2B /* LaunchScreen.storyboard */,
			);
			path = Storyboards;
			sourceTree = "<group>";
		};
		3296B3F32923CAC5009DAD2B = {
			isa = PBXGroup;
			children = (
				3296B3FE2923CAC5009DAD2B /* DeliveryApp */,
				3296B3FD2923CAC5009DAD2B /* Products */,
				09E7599EF86C74F9ADD75BEF /* Pods */,
				C1DB779500A74B3794DA878B /* Frameworks */,
			);
			sourceTree = "<group>";
		};
		3296B3FD2923CAC5009DAD2B /* Products */ = {
			isa = PBXGroup;
			children = (
				3296B3FC2923CAC5009DAD2B /* DeliveryApp.app */,
			);
			name = Products;
			sourceTree = "<group>";
		};
		3296B3FE2923CAC5009DAD2B /* DeliveryApp */ = {
			isa = PBXGroup;
			children = (
				322D98972925076F00C94FC9 /* Other */,
				322D98962925076B00C94FC9 /* Models */,
				322D98952925076700C94FC9 /* Views */,
				322D98942925076100C94FC9 /* ViewModels */,
				3296B40D2923CAC6009DAD2B /* Info.plist */,
			);
			path = DeliveryApp;
			sourceTree = "<group>";
		};
		C1DB779500A74B3794DA878B /* Frameworks */ = {
			isa = PBXGroup;
			children = (
				FF1F83E9179A035779C3336C /* Pods_DeliveryApp.framework */,
			);
			name = Frameworks;
			sourceTree = "<group>";
		};
/* End PBXGroup section */

/* Begin PBXNativeTarget section */
		3296B3FB2923CAC5009DAD2B /* DeliveryApp */ = {
			isa = PBXNativeTarget;
			buildConfigurationList = 3296B4102923CAC6009DAD2B /* Build configuration list for PBXNativeTarget "DeliveryApp" */;
			buildPhases = (
				0044B694FFE13A4278F011C3 /* [CP] Check Pods Manifest.lock */,
				3296B3F82923CAC5009DAD2B /* Sources */,
				3296B3F92923CAC5009DAD2B /* Frameworks */,
				3296B3FA2923CAC5009DAD2B /* Resources */,
				7E918B4E79F1BC949DC68ACF /* [CP] Embed Pods Frameworks */,
			);
			buildRules = (
			);
			dependencies = (
			);
			name = DeliveryApp;
			productName = DeliveryApp;
			productReference = 3296B3FC2923CAC5009DAD2B /* DeliveryApp.app */;
			productType = "com.apple.product-type.application";
		};
/* End PBXNativeTarget section */

/* Begin PBXProject section */
		3296B3F42923CAC5009DAD2B /* Project object */ = {
			isa = PBXProject;
			attributes = {
				BuildIndependentTargetsInParallel = 1;
				LastSwiftUpdateCheck = 1400;
				LastUpgradeCheck = 1400;
				TargetAttributes = {
					3296B3FB2923CAC5009DAD2B = {
						CreatedOnToolsVersion = 14.0.1;
					};
				};
			};
			buildConfigurationList = 3296B3F72923CAC5009DAD2B /* Build configuration list for PBXProject "DeliveryApp" */;
			compatibilityVersion = "Xcode 14.0";
			developmentRegion = en;
			hasScannedForEncodings = 0;
			knownRegions = (
				en,
				Base,
			);
			mainGroup = 3296B3F32923CAC5009DAD2B;
			productRefGroup = 3296B3FD2923CAC5009DAD2B /* Products */;
			projectDirPath = "";
			projectRoot = "";
			targets = (
				3296B3FB2923CAC5009DAD2B /* DeliveryApp */,
			);
		};
/* End PBXProject section */

/* Begin PBXResourcesBuildPhase section */
		3296B3FA2923CAC5009DAD2B /* Resources */ = {
			isa = PBXResourcesBuildPhase;
			buildActionMask = 2147483647;
			files = (
				3296B40C2923CAC6009DAD2B /* LaunchScreen.storyboard in Resources */,
				3296B4092923CAC6009DAD2B /* Assets.xcassets in Resources */,
				3296B4072923CAC5009DAD2B /* Main.storyboard in Resources */,
			);
			runOnlyForDeploymentPostprocessing = 0;
		};
/* End PBXResourcesBuildPhase section */

/* Begin PBXShellScriptBuildPhase section */
		0044B694FFE13A4278F011C3 /* [CP] Check Pods Manifest.lock */ = {
			isa = PBXShellScriptBuildPhase;
			buildActionMask = 2147483647;
			files = (
			);
			inputFileListPaths = (
			);
			inputPaths = (
				"${PODS_PODFILE_DIR_PATH}/Podfile.lock",
				"${PODS_ROOT}/Manifest.lock",
			);
			name = "[CP] Check Pods Manifest.lock";
			outputFileListPaths = (
			);
			outputPaths = (
				"$(DERIVED_FILE_DIR)/Pods-DeliveryApp-checkManifestLockResult.txt",
			);
			runOnlyForDeploymentPostprocessing = 0;
			shellPath = /bin/sh;
			shellScript = "diff \"${PODS_PODFILE_DIR_PATH}/Podfile.lock\" \"${PODS_ROOT}/Manifest.lock\" > /dev/null\nif [ $? != 0 ] ; then\n    # print error to STDERR\n    echo \"error: The sandbox is not in sync with the Podfile.lock. Run 'pod install' or update your CocoaPods installation.\" >&2\n    exit 1\nfi\n# This output is used by Xcode 'outputs' to avoid re-running this script phase.\necho \"SUCCESS\" > \"${SCRIPT_OUTPUT_FILE_0}\"\n";
			showEnvVarsInLog = 0;
		};
		7E918B4E79F1BC949DC68ACF /* [CP] Embed Pods Frameworks */ = {
			isa = PBXShellScriptBuildPhase;
			buildActionMask = 2147483647;
			files = (
			);
			inputFileListPaths = (
				"${PODS_ROOT}/Target Support Files/Pods-DeliveryApp/Pods-DeliveryApp-frameworks-${CONFIGURATION}-input-files.xcfilelist",
			);
			name = "[CP] Embed Pods Frameworks";
			outputFileListPaths = (
				"${PODS_ROOT}/Target Support Files/Pods-DeliveryApp/Pods-DeliveryApp-frameworks-${CONFIGURATION}-output-files.xcfilelist",
			);
			runOnlyForDeploymentPostprocessing = 0;
			shellPath = /bin/sh;
			shellScript = "\"${PODS_ROOT}/Target Support Files/Pods-DeliveryApp/Pods-DeliveryApp-frameworks.sh\"\n";
			showEnvVarsInLog = 0;
		};
/* End PBXShellScriptBuildPhase section */

/* Begin PBXSourcesBuildPhase section */
		3296B3F82923CAC5009DAD2B /* Sources */ = {
			isa = PBXSourcesBuildPhase;
			buildActionMask = 2147483647;
			files = (
				3296B4042923CAC5009DAD2B /* ViewController.swift in Sources */,
				32E6CE762925E09900440ED1 /* SignUpModel.swift in Sources */,
				3296B4002923CAC5009DAD2B /* AppDelegate.swift in Sources */,
				3296B4142923CF28009DAD2B /* SignInViewController.swift in Sources */,
				3296B4022923CAC5009DAD2B /* SceneDelegate.swift in Sources */,
				3252D97329263A8D00D884E7 /* SignInViewModel.swift in Sources */,
				3271B92B292637E200166FB3 /* UserData.swift in Sources */,
				32E6CE742925DFF200440ED1 /* SignUpViewModel.swift in Sources */,
				322D989A292514F500C94FC9 /* SignUpViewController.swift in Sources */,
				3252D97529263AAB00D884E7 /* SignInModel.swift in Sources */,
			);
			runOnlyForDeploymentPostprocessing = 0;
		};
/* End PBXSourcesBuildPhase section */

/* Begin PBXVariantGroup section */
		3296B4052923CAC5009DAD2B /* Main.storyboard */ = {
			isa = PBXVariantGroup;
			children = (
				3296B4062923CAC5009DAD2B /* Base */,
			);
			name = Main.storyboard;
			sourceTree = "<group>";
		};
		3296B40A2923CAC6009DAD2B /* LaunchScreen.storyboard */ = {
			isa = PBXVariantGroup;
			children = (
				3296B40B2923CAC6009DAD2B /* Base */,
			);
			name = LaunchScreen.storyboard;
			sourceTree = "<group>";
		};
/* End PBXVariantGroup section */

/* Begin XCBuildConfiguration section */
		3296B40E2923CAC6009DAD2B /* Debug */ = {
			isa = XCBuildConfiguration;
			buildSettings = {
				ALWAYS_SEARCH_USER_PATHS = NO;
				CLANG_ANALYZER_NONNULL = YES;
				CLANG_ANALYZER_NUMBER_OBJECT_CONVERSION = YES_AGGRESSIVE;
				CLANG_CXX_LANGUAGE_STANDARD = "gnu++20";
				CLANG_ENABLE_MODULES = YES;
				CLANG_ENABLE_OBJC_ARC = YES;
				CLANG_ENABLE_OBJC_WEAK = YES;
				CLANG_WARN_BLOCK_CAPTURE_AUTORELEASING = YES;
				CLANG_WARN_BOOL_CONVERSION = YES;
				CLANG_WARN_COMMA = YES;
				CLANG_WARN_CONSTANT_CONVERSION = YES;
				CLANG_WARN_DEPRECATED_OBJC_IMPLEMENTATIONS = YES;
				CLANG_WARN_DIRECT_OBJC_ISA_USAGE = YES_ERROR;
				CLANG_WARN_DOCUMENTATION_COMMENTS = YES;
				CLANG_WARN_EMPTY_BODY = YES;
				CLANG_WARN_ENUM_CONVERSION = YES;
				CLANG_WARN_INFINITE_RECURSION = YES;
				CLANG_WARN_INT_CONVERSION = YES;
				CLANG_WARN_NON_LITERAL_NULL_CONVERSION = YES;
				CLANG_WARN_OBJC_IMPLICIT_RETAIN_SELF = YES;
				CLANG_WARN_OBJC_LITERAL_CONVERSION = YES;
				CLANG_WARN_OBJC_ROOT_CLASS = YES_ERROR;
				CLANG_WARN_QUOTED_INCLUDE_IN_FRAMEWORK_HEADER = YES;
				CLANG_WARN_RANGE_LOOP_ANALYSIS = YES;
				CLANG_WARN_STRICT_PROTOTYPES = YES;
				CLANG_WARN_SUSPICIOUS_MOVE = YES;
				CLANG_WARN_UNGUARDED_AVAILABILITY = YES_AGGRESSIVE;
				CLANG_WARN_UNREACHABLE_CODE = YES;
				CLANG_WARN__DUPLICATE_METHOD_MATCH = YES;
				COPY_PHASE_STRIP = NO;
				DEBUG_INFORMATION_FORMAT = dwarf;
				ENABLE_STRICT_OBJC_MSGSEND = YES;
				ENABLE_TESTABILITY = YES;
				GCC_C_LANGUAGE_STANDARD = gnu11;
				GCC_DYNAMIC_NO_PIC = NO;
				GCC_NO_COMMON_BLOCKS = YES;
				GCC_OPTIMIZATION_LEVEL = 0;
				GCC_PREPROCESSOR_DEFINITIONS = (
					"DEBUG=1",
					"$(inherited)",
				);
				GCC_WARN_64_TO_32_BIT_CONVERSION = YES;
				GCC_WARN_ABOUT_RETURN_TYPE = YES_ERROR;
				GCC_WARN_UNDECLARED_SELECTOR = YES;
				GCC_WARN_UNINITIALIZED_AUTOS = YES_AGGRESSIVE;
				GCC_WARN_UNUSED_FUNCTION = YES;
				GCC_WARN_UNUSED_VARIABLE = YES;
				IPHONEOS_DEPLOYMENT_TARGET = 16.0;
				MTL_ENABLE_DEBUG_INFO = INCLUDE_SOURCE;
				MTL_FAST_MATH = YES;
				ONLY_ACTIVE_ARCH = YES;
				SDKROOT = iphoneos;
				SWIFT_ACTIVE_COMPILATION_CONDITIONS = DEBUG;
				SWIFT_OPTIMIZATION_LEVEL = "-Onone";
			};
			name = Debug;
		};
		3296B40F2923CAC6009DAD2B /* Release */ = {
			isa = XCBuildConfiguration;
			buildSettings = {
				ALWAYS_SEARCH_USER_PATHS = NO;
				CLANG_ANALYZER_NONNULL = YES;
				CLANG_ANALYZER_NUMBER_OBJECT_CONVERSION = YES_AGGRESSIVE;
				CLANG_CXX_LANGUAGE_STANDARD = "gnu++20";
				CLANG_ENABLE_MODULES = YES;
				CLANG_ENABLE_OBJC_ARC = YES;
				CLANG_ENABLE_OBJC_WEAK = YES;
				CLANG_WARN_BLOCK_CAPTURE_AUTORELEASING = YES;
				CLANG_WARN_BOOL_CONVERSION = YES;
				CLANG_WARN_COMMA = YES;
				CLANG_WARN_CONSTANT_CONVERSION = YES;
				CLANG_WARN_DEPRECATED_OBJC_IMPLEMENTATIONS = YES;
				CLANG_WARN_DIRECT_OBJC_ISA_USAGE = YES_ERROR;
				CLANG_WARN_DOCUMENTATION_COMMENTS = YES;
				CLANG_WARN_EMPTY_BODY = YES;
				CLANG_WARN_ENUM_CONVERSION = YES;
				CLANG_WARN_INFINITE_RECURSION = YES;
				CLANG_WARN_INT_CONVERSION = YES;
				CLANG_WARN_NON_LITERAL_NULL_CONVERSION = YES;
				CLANG_WARN_OBJC_IMPLICIT_RETAIN_SELF = YES;
				CLANG_WARN_OBJC_LITERAL_CONVERSION = YES;
				CLANG_WARN_OBJC_ROOT_CLASS = YES_ERROR;
				CLANG_WARN_QUOTED_INCLUDE_IN_FRAMEWORK_HEADER = YES;
				CLANG_WARN_RANGE_LOOP_ANALYSIS = YES;
				CLANG_WARN_STRICT_PROTOTYPES = YES;
				CLANG_WARN_SUSPICIOUS_MOVE = YES;
				CLANG_WARN_UNGUARDED_AVAILABILITY = YES_AGGRESSIVE;
				CLANG_WARN_UNREACHABLE_CODE = YES;
				CLANG_WARN__DUPLICATE_METHOD_MATCH = YES;
				COPY_PHASE_STRIP = NO;
				DEBUG_INFORMATION_FORMAT = "dwarf-with-dsym";
				ENABLE_NS_ASSERTIONS = NO;
				ENABLE_STRICT_OBJC_MSGSEND = YES;
				GCC_C_LANGUAGE_STANDARD = gnu11;
				GCC_NO_COMMON_BLOCKS = YES;
				GCC_WARN_64_TO_32_BIT_CONVERSION = YES;
				GCC_WARN_ABOUT_RETURN_TYPE = YES_ERROR;
				GCC_WARN_UNDECLARED_SELECTOR = YES;
				GCC_WARN_UNINITIALIZED_AUTOS = YES_AGGRESSIVE;
				GCC_WARN_UNUSED_FUNCTION = YES;
				GCC_WARN_UNUSED_VARIABLE = YES;
				IPHONEOS_DEPLOYMENT_TARGET = 16.0;
				MTL_ENABLE_DEBUG_INFO = NO;
				MTL_FAST_MATH = YES;
				SDKROOT = iphoneos;
				SWIFT_COMPILATION_MODE = wholemodule;
				SWIFT_OPTIMIZATION_LEVEL = "-O";
				VALIDATE_PRODUCT = YES;
			};
			name = Release;
		};
		3296B4112923CAC6009DAD2B /* Debug */ = {
			isa = XCBuildConfiguration;
			baseConfigurationReference = 90AD0BB57FF6485456E85538 /* Pods-DeliveryApp.debug.xcconfig */;
			buildSettings = {
				ASSETCATALOG_COMPILER_APPICON_NAME = AppIcon;
				ASSETCATALOG_COMPILER_GLOBAL_ACCENT_COLOR_NAME = AccentColor;
				CODE_SIGN_STYLE = Automatic;
				CURRENT_PROJECT_VERSION = 1;
				DEVELOPMENT_TEAM = 962338348U;
				GENERATE_INFOPLIST_FILE = YES;
				INFOPLIST_FILE = DeliveryApp/Info.plist;
				INFOPLIST_KEY_UIApplicationSupportsIndirectInputEvents = YES;
				INFOPLIST_KEY_UILaunchStoryboardName = LaunchScreen;
				INFOPLIST_KEY_UIMainStoryboardFile = Main;
				INFOPLIST_KEY_UISupportedInterfaceOrientations_iPad = "UIInterfaceOrientationPortrait UIInterfaceOrientationPortraitUpsideDown UIInterfaceOrientationLandscapeLeft UIInterfaceOrientationLandscapeRight";
				INFOPLIST_KEY_UISupportedInterfaceOrientations_iPhone = "UIInterfaceOrientationPortrait UIInterfaceOrientationLandscapeLeft UIInterfaceOrientationLandscapeRight";
				LD_RUNPATH_SEARCH_PATHS = (
					"$(inherited)",
					"@executable_path/Frameworks",
				);
				MARKETING_VERSION = 1.0;
				PRODUCT_BUNDLE_IDENTIFIER = com.iskhak.DeliveryApp;
				PRODUCT_NAME = "$(TARGET_NAME)";
				SWIFT_EMIT_LOC_STRINGS = YES;
				SWIFT_VERSION = 5.0;
				TARGETED_DEVICE_FAMILY = "1,2";
			};
			name = Debug;
		};
		3296B4122923CAC6009DAD2B /* Release */ = {
			isa = XCBuildConfiguration;
			baseConfigurationReference = 7DF8CDD2844D2F9D5E3AFF4E /* Pods-DeliveryApp.release.xcconfig */;
			buildSettings = {
				ASSETCATALOG_COMPILER_APPICON_NAME = AppIcon;
				ASSETCATALOG_COMPILER_GLOBAL_ACCENT_COLOR_NAME = AccentColor;
				CODE_SIGN_STYLE = Automatic;
				CURRENT_PROJECT_VERSION = 1;
				DEVELOPMENT_TEAM = 962338348U;
				GENERATE_INFOPLIST_FILE = YES;
				INFOPLIST_FILE = DeliveryApp/Info.plist;
				INFOPLIST_KEY_UIApplicationSupportsIndirectInputEvents = YES;
				INFOPLIST_KEY_UILaunchStoryboardName = LaunchScreen;
				INFOPLIST_KEY_UIMainStoryboardFile = Main;
				INFOPLIST_KEY_UISupportedInterfaceOrientations_iPad = "UIInterfaceOrientationPortrait UIInterfaceOrientationPortraitUpsideDown UIInterfaceOrientationLandscapeLeft UIInterfaceOrientationLandscapeRight";
				INFOPLIST_KEY_UISupportedInterfaceOrientations_iPhone = "UIInterfaceOrientationPortrait UIInterfaceOrientationLandscapeLeft UIInterfaceOrientationLandscapeRight";
				LD_RUNPATH_SEARCH_PATHS = (
					"$(inherited)",
					"@executable_path/Frameworks",
				);
				MARKETING_VERSION = 1.0;
				PRODUCT_BUNDLE_IDENTIFIER = com.iskhak.DeliveryApp;
				PRODUCT_NAME = "$(TARGET_NAME)";
				SWIFT_EMIT_LOC_STRINGS = YES;
				SWIFT_VERSION = 5.0;
				TARGETED_DEVICE_FAMILY = "1,2";
			};
			name = Release;
		};
/* End XCBuildConfiguration section */

/* Begin XCConfigurationList section */
		3296B3F72923CAC5009DAD2B /* Build configuration list for PBXProject "DeliveryApp" */ = {
			isa = XCConfigurationList;
			buildConfigurations = (
				3296B40E2923CAC6009DAD2B /* Debug */,
				3296B40F2923CAC6009DAD2B /* Release */,
			);
			defaultConfigurationIsVisible = 0;
			defaultConfigurationName = Release;
		};
		3296B4102923CAC6009DAD2B /* Build configuration list for PBXNativeTarget "DeliveryApp" */ = {
			isa = XCConfigurationList;
			buildConfigurations = (
				3296B4112923CAC6009DAD2B /* Debug */,
				3296B4122923CAC6009DAD2B /* Release */,
			);
			defaultConfigurationIsVisible = 0;
			defaultConfigurationName = Release;
		};
/* End XCConfigurationList section */
	};
	rootObject = 3296B3F42923CAC5009DAD2B /* Project object */;
}
